
Microsoft Visual Studio Solution File, Format Version 12.00
# Visual Studio Version 16
VisualStudioVersion = 16.0.30320.27
MinimumVisualStudioVersion = 10.0.40219.1
Project("{9A19103F-16F7-4668-BE54-9A1E7A4F7556}") = "kuxue.pro.task.quartz", "kuxue.pro.task.quartz\kuxue.pro.task.quartz.csproj", "{0F515A3B-422B-47CC-800C-21DE7DE8D0D8}"
EndProject
Project("{9A19103F-16F7-4668-BE54-9A1E7A4F7556}") = "kuxue.pro.task.infrastructure", "kuxue.pro.task.infrastructure\kuxue.pro.task.infrastructure.csproj", "{86DEECDE-F6EC-404E-9DBF-BD2AF12F1BBC}"
EndProject
Project("{FAE04EC0-301F-11D3-BF4B-00C04F79EFBC}") = "kuxue.pro.task.Hangfire", "kuxue.pro.task.Hangfire\kuxue.pro.task.Hangfire.csproj", "{A897E93A-D2E3-42BA-9239-1EE4BF0E176A}"
EndProject
Global
	GlobalSection(SolutionConfigurationPlatforms) = preSolution
		Debug|Any CPU = Debug|Any CPU
		Release|Any CPU = Release|Any CPU
	EndGlobalSection
	GlobalSection(ProjectConfigurationPlatforms) = postSolution
		{0F515A3B-422B-47CC-800C-21DE7DE8D0D8}.Debug|Any CPU.ActiveCfg = Debug|Any CPU
		{0F515A3B-422B-47CC-800C-21DE7DE8D0D8}.Debug|Any CPU.Build.0 = Debug|Any CPU
		{0F515A3B-422B-47CC-800C-21DE7DE8D0D8}.Release|Any CPU.ActiveCfg = Release|Any CPU
		{0F515A3B-422B-47CC-800C-21DE7DE8D0D8}.Release|Any CPU.Build.0 = Release|Any CPU
		{86DEECDE-F6EC-404E-9DBF-BD2AF12F1BBC}.Debug|Any CPU.ActiveCfg = Debug|Any CPU
		{86DEECDE-F6EC-404E-9DBF-BD2AF12F1BBC}.Debug|Any CPU.Build.0 = Debug|Any CPU
		{86DEECDE-F6EC-404E-9DBF-BD2AF12F1BBC}.Release|Any CPU.ActiveCfg = Release|Any CPU
		{86DEECDE-F6EC-404E-9DBF-BD2AF12F1BBC}.Release|Any CPU.Build.0 = Release|Any CPU
		{A897E93A-D2E3-42BA-9239-1EE4BF0E176A}.Debug|Any CPU.ActiveCfg = Debug|Any CPU
		{A897E93A-D2E3-42BA-9239-1EE4BF0E176A}.Debug|Any CPU.Build.0 = Debug|Any CPU
		{A897E93A-D2E3-42BA-9239-1EE4BF0E176A}.Release|Any CPU.ActiveCfg = Release|Any CPU
		{A897E93A-D2E3-42BA-9239-1EE4BF0E176A}.Release|Any CPU.Build.0 = Release|Any CPU
	EndGlobalSection
	GlobalSection(SolutionProperties) = preSolution
		HideSolutionNode = FALSE
	EndGlobalSection
	GlobalSection(ExtensibilityGlobals) = postSolution
		SolutionGuid = {62C08CF5-1823-4DCE-8A12-F6087732C9FA}
	EndGlobalSection
EndGlobal
